// !$*UTF8*$!
{
	archiveVersion = 1;
	classes = {
	};
	objectVersion = 46;
	objects = {

/* Begin PBXBuildFile section */
		E2E2F8B318C01AB500E59CC7 /* Foundation.framework in Frameworks */ = {isa = PBXBuildFile; fileRef = E2E2F8B218C01AB500E59CC7 /* Foundation.framework */; };
		E2E2F8B518C01AB500E59CC7 /* CoreGraphics.framework in Frameworks */ = {isa = PBXBuildFile; fileRef = E2E2F8B418C01AB500E59CC7 /* CoreGraphics.framework */; };
		E2E2F8B718C01AB500E59CC7 /* UIKit.framework in Frameworks */ = {isa = PBXBuildFile; fileRef = E2E2F8B618C01AB500E59CC7 /* UIKit.framework */; };
		E2E2F8BD18C01AB500E59CC7 /* InfoPlist.strings in Resources */ = {isa = PBXBuildFile; fileRef = E2E2F8BB18C01AB500E59CC7 /* InfoPlist.strings */; };
		E2E2F8BF18C01AB500E59CC7 /* main.m in Sources */ = {isa = PBXBuildFile; fileRef = E2E2F8BE18C01AB500E59CC7 /* main.m */; };
		E2E2F8C318C01AB500E59CC7 /* AppDelegate.m in Sources */ = {isa = PBXBuildFile; fileRef = E2E2F8C218C01AB500E59CC7 /* AppDelegate.m */; };
		E2E2F8C618C01AB500E59CC7 /* Main.storyboard in Resources */ = {isa = PBXBuildFile; fileRef = E2E2F8C418C01AB500E59CC7 /* Main.storyboard */; };
		E2E2F8C918C01AB500E59CC7 /* ViewController.m in Sources */ = {isa = PBXBuildFile; fileRef = E2E2F8C818C01AB500E59CC7 /* ViewController.m */; };
		E2E2F8CB18C01AB500E59CC7 /* Images.xcassets in Resources */ = {isa = PBXBuildFile; fileRef = E2E2F8CA18C01AB500E59CC7 /* Images.xcassets */; };
		E2E2F8D218C01AB500E59CC7 /* XCTest.framework in Frameworks */ = {isa = PBXBuildFile; fileRef = E2E2F8D118C01AB500E59CC7 /* XCTest.framework */; };
		E2E2F8D318C01AB500E59CC7 /* Foundation.framework in Frameworks */ = {isa = PBXBuildFile; fileRef = E2E2F8B218C01AB500E59CC7 /* Foundation.framework */; };
		E2E2F8D418C01AB500E59CC7 /* UIKit.framework in Frameworks */ = {isa = PBXBuildFile; fileRef = E2E2F8B618C01AB500E59CC7 /* UIKit.framework */; };
		E2E2F8DC18C01AB500E59CC7 /* InfoPlist.strings in Resources */ = {isa = PBXBuildFile; fileRef = E2E2F8DA18C01AB500E59CC7 /* InfoPlist.strings */; };
		E2E2F8DE18C01AB500E59CC7 /* ASIServiceTests.m in Sources */ = {isa = PBXBuildFile; fileRef = E2E2F8DD18C01AB500E59CC7 /* ASIServiceTests.m */; };
/* End PBXBuildFile section */

/* Begin PBXContainerItemProxy section */
		E2E2F8D518C01AB500E59CC7 /* PBXContainerItemProxy */ = {
			isa = PBXContainerItemProxy;
			containerPortal = E2E2F8A718C01AB500E59CC7 /* Project object */;
			proxyType = 1;
			remoteGlobalIDString = E2E2F8AE18C01AB500E59CC7;
			remoteInfo = ASIService;
		};
/* End PBXContainerItemProxy section */

/* Begin PBXFileReference section */
		E2E2F8AF18C01AB500E59CC7 /* ASIService.app */ = {isa = PBXFileReference; explicitFileType = wrapper.application; includeInIndex = 0; path = ASIService.app; sourceTree = BUILT_PRODUCTS_DIR; };
		E2E2F8B218C01AB500E59CC7 /* Foundation.framework */ = {isa = PBXFileReference; lastKnownFileType = wrapper.framework; name = Foundation.framework; path = System/Library/Frameworks/Foundation.framework; sourceTree = SDKROOT; };
		E2E2F8B418C01AB500E59CC7 /* CoreGraphics.framework */ = {isa = PBXFileReference; lastKnownFileType = wrapper.framework; name = CoreGraphics.framework; path = System/Library/Frameworks/CoreGraphics.framework; sourceTree = SDKROOT; };
		E2E2F8B618C01AB500E59CC7 /* UIKit.framework */ = {isa = PBXFileReference; lastKnownFileType = wrapper.framework; name = UIKit.framework; path = System/Library/Frameworks/UIKit.framework; sourceTree = SDKROOT; };
		E2E2F8BA18C01AB500E59CC7 /* ASIService-Info.plist */ = {isa = PBXFileReference; lastKnownFileType = text.plist.xml; path = "ASIService-Info.plist"; sourceTree = "<group>"; };
		E2E2F8BC18C01AB500E59CC7 /* en */ = {isa = PBXFileReference; lastKnownFileType = text.plist.strings; name = en; path = en.lproj/InfoPlist.strings; sourceTree = "<group>"; };
		E2E2F8BE18C01AB500E59CC7 /* main.m */ = {isa = PBXFileReference; lastKnownFileType = sourcecode.c.objc; path = main.m; sourceTree = "<group>"; };
		E2E2F8C018C01AB500E59CC7 /* ASIService-Prefix.pch */ = {isa = PBXFileReference; lastKnownFileType = sourcecode.c.h; path = "ASIService-Prefix.pch"; sourceTree = "<group>"; };
		E2E2F8C118C01AB500E59CC7 /* AppDelegate.h */ = {isa = PBXFileReference; lastKnownFileType = sourcecode.c.h; path = AppDelegate.h; sourceTree = "<group>"; };
		E2E2F8C218C01AB500E59CC7 /* AppDelegate.m */ = {isa = PBXFileReference; lastKnownFileType = sourcecode.c.objc; path = AppDelegate.m; sourceTree = "<group>"; };
		E2E2F8C518C01AB500E59CC7 /* Base */ = {isa = PBXFileReference; lastKnownFileType = file.storyboard; name = Base; path = Base.lproj/Main.storyboard; sourceTree = "<group>"; };
		E2E2F8C718C01AB500E59CC7 /* ViewController.h */ = {isa = PBXFileReference; lastKnownFileType = sourcecode.c.h; path = ViewController.h; sourceTree = "<group>"; };
		E2E2F8C818C01AB500E59CC7 /* ViewController.m */ = {isa = PBXFileReference; lastKnownFileType = sourcecode.c.objc; path = ViewController.m; sourceTree = "<group>"; };
		E2E2F8CA18C01AB500E59CC7 /* Images.xcassets */ = {isa = PBXFileReference; lastKnownFileType = folder.assetcatalog; path = Images.xcassets; sourceTree = "<group>"; };
		E2E2F8D018C01AB500E59CC7 /* ASIServiceTests.xctest */ = {isa = PBXFileReference; explicitFileType = wrapper.cfbundle; includeInIndex = 0; path = ASIServiceTests.xctest; sourceTree = BUILT_PRODUCTS_DIR; };
		E2E2F8D118C01AB500E59CC7 /* XCTest.framework */ = {isa = PBXFileReference; lastKnownFileType = wrapper.framework; name = XCTest.framework; path = Library/Frameworks/XCTest.framework; sourceTree = DEVELOPER_DIR; };
		E2E2F8D918C01AB500E59CC7 /* ASIServiceTests-Info.plist */ = {isa = PBXFileReference; lastKnownFileType = text.plist.xml; path = "ASIServiceTests-Info.plist"; sourceTree = "<group>"; };
		E2E2F8DB18C01AB500E59CC7 /* en */ = {isa = PBXFileReference; lastKnownFileType = text.plist.strings; name = en; path = en.lproj/InfoPlist.strings; sourceTree = "<group>"; };
		E2E2F8DD18C01AB500E59CC7 /* ASIServiceTests.m */ = {isa = PBXFileReference; lastKnownFileType = sourcecode.c.objc; path = ASIServiceTests.m; sourceTree = "<group>"; };
/* End PBXFileReference section */

/* Begin PBXFrameworksBuildPhase section */
		E2E2F8AC18C01AB500E59CC7 /* Frameworks */ = {
			isa = PBXFrameworksBuildPhase;
			buildActionMask = 2147483647;
			files = (
				E2E2F8B518C01AB500E59CC7 /* CoreGraphics.framework in Frameworks */,
				E2E2F8B718C01AB500E59CC7 /* UIKit.framework in Frameworks */,
				E2E2F8B318C01AB500E59CC7 /* Foundation.framework in Frameworks */,
			);
			runOnlyForDeploymentPostprocessing = 0;
		};
		E2E2F8CD18C01AB500E59CC7 /* Frameworks */ = {
			isa = PBXFrameworksBuildPhase;
			buildActionMask = 2147483647;
			files = (
				E2E2F8D218C01AB500E59CC7 /* XCTest.framework in Frameworks */,
				E2E2F8D418C01AB500E59CC7 /* UIKit.framework in Frameworks */,
				E2E2F8D318C01AB500E59CC7 /* Foundation.framework in Frameworks */,
			);
			runOnlyForDeploymentPostprocessing = 0;
		};
/* End PBXFrameworksBuildPhase section */

/* Begin PBXGroup section */
		E2E2F8A618C01AB500E59CC7 = {
			isa = PBXGroup;
			children = (
				E2E2F8B818C01AB500E59CC7 /* ASIService */,
				E2E2F8D718C01AB500E59CC7 /* ASIServiceTests */,
				E2E2F8B118C01AB500E59CC7 /* Frameworks */,
				E2E2F8B018C01AB500E59CC7 /* Products */,
			);
			sourceTree = "<group>";
		};
		E2E2F8B018C01AB500E59CC7 /* Products */ = {
			isa = PBXGroup;
			children = (
				E2E2F8AF18C01AB500E59CC7 /* ASIService.app */,
				E2E2F8D018C01AB500E59CC7 /* ASIServiceTests.xctest */,
			);
			name = Products;
			sourceTree = "<group>";
		};
		E2E2F8B118C01AB500E59CC7 /* Frameworks */ = {
			isa = PBXGroup;
			children = (
				E2E2F8B218C01AB500E59CC7 /* Foundation.framework */,
				E2E2F8B418C01AB500E59CC7 /* CoreGraphics.framework */,
				E2E2F8B618C01AB500E59CC7 /* UIKit.framework */,
				E2E2F8D118C01AB500E59CC7 /* XCTest.framework */,
			);
			name = Frameworks;
			sourceTree = "<group>";
		};
		E2E2F8B818C01AB500E59CC7 /* ASIService */ = {
			isa = PBXGroup;
			children = (
				E2E2F8C118C01AB500E59CC7 /* AppDelegate.h */,
				E2E2F8C218C01AB500E59CC7 /* AppDelegate.m */,
				E2E2F8C418C01AB500E59CC7 /* Main.storyboard */,
				E2E2F8C718C01AB500E59CC7 /* ViewController.h */,
				E2E2F8C818C01AB500E59CC7 /* ViewController.m */,
				E2E2F8CA18C01AB500E59CC7 /* Images.xcassets */,
				E2E2F8B918C01AB500E59CC7 /* Supporting Files */,
			);
			path = ASIService;
			sourceTree = "<group>";
		};
		E2E2F8B918C01AB500E59CC7 /* Supporting Files */ = {
			isa = PBXGroup;
			children = (
				E2E2F8BA18C01AB500E59CC7 /* ASIService-Info.plist */,
				E2E2F8BB18C01AB500E59CC7 /* InfoPlist.strings */,
				E2E2F8BE18C01AB500E59CC7 /* main.m */,
				E2E2F8C018C01AB500E59CC7 /* ASIService-Prefix.pch */,
			);
			name = "Supporting Files";
			sourceTree = "<group>";
		};
		E2E2F8D718C01AB500E59CC7 /* ASIServiceTests */ = {
			isa = PBXGroup;
			children = (
				E2E2F8DD18C01AB500E59CC7 /* ASIServiceTests.m */,
				E2E2F8D818C01AB500E59CC7 /* Supporting Files */,
			);
			path = ASIServiceTests;
			sourceTree = "<group>";
		};
		E2E2F8D818C01AB500E59CC7 /* Supporting Files */ = {
			isa = PBXGroup;
			children = (
				E2E2F8D918C01AB500E59CC7 /* ASIServiceTests-Info.plist */,
				E2E2F8DA18C01AB500E59CC7 /* InfoPlist.strings */,
			);
			name = "Supporting Files";
			sourceTree = "<group>";
		};
/* End PBXGroup section */

/* Begin PBXNativeTarget section */
		E2E2F8AE18C01AB500E59CC7 /* ASIService */ = {
			isa = PBXNativeTarget;
			buildConfigurationList = E2E2F8E118C01AB500E59CC7 /* Build configuration list for PBXNativeTarget "ASIService" */;
			buildPhases = (
				E2E2F8AB18C01AB500E59CC7 /* Sources */,
				E2E2F8AC18C01AB500E59CC7 /* Frameworks */,
				E2E2F8AD18C01AB500E59CC7 /* Resources */,
			);
			buildRules = (
			);
			dependencies = (
			);
			name = ASIService;
			productName = ASIService;
			productReference = E2E2F8AF18C01AB500E59CC7 /* ASIService.app */;
			productType = "com.apple.product-type.application";
		};
		E2E2F8CF18C01AB500E59CC7 /* ASIServiceTests */ = {
			isa = PBXNativeTarget;
			buildConfigurationList = E2E2F8E418C01AB500E59CC7 /* Build configuration list for PBXNativeTarget "ASIServiceTests" */;
			buildPhases = (
				E2E2F8CC18C01AB500E59CC7 /* Sources */,
				E2E2F8CD18C01AB500E59CC7 /* Frameworks */,
				E2E2F8CE18C01AB500E59CC7 /* Resources */,
			);
			buildRules = (
			);
			dependencies = (
				E2E2F8D618C01AB500E59CC7 /* PBXTargetDependency */,
			);
			name = ASIServiceTests;
			productName = ASIServiceTests;
			productReference = E2E2F8D018C01AB500E59CC7 /* ASIServiceTests.xctest */;
			productType = "com.apple.product-type.bundle.unit-test";
		};
/* End PBXNativeTarget section */

/* Begin PBXProject section */
		E2E2F8A718C01AB500E59CC7 /* Project object */ = {
			isa = PBXProject;
			attributes = {
				LastUpgradeCheck = 0500;
				ORGANIZATIONNAME = mojingtao;
				TargetAttributes = {
					E2E2F8CF18C01AB500E59CC7 = {
						TestTargetID = E2E2F8AE18C01AB500E59CC7;
					};
				};
			};
			buildConfigurationList = E2E2F8AA18C01AB500E59CC7 /* Build configuration list for PBXProject "ASIService" */;
			compatibilityVersion = "Xcode 3.2";
			developmentRegion = English;
			hasScannedForEncodings = 0;
			knownRegions = (
				en,
				Base,
			);
			mainGroup = E2E2F8A618C01AB500E59CC7;
			productRefGroup = E2E2F8B018C01AB500E59CC7 /* Products */;
			projectDirPath = "";
			projectRoot = "";
			targets = (
				E2E2F8AE18C01AB500E59CC7 /* ASIService */,
				E2E2F8CF18C01AB500E59CC7 /* ASIServiceTests */,
			);
		};
/* End PBXProject section */

/* Begin PBXResourcesBuildPhase section */
		E2E2F8AD18C01AB500E59CC7 /* Resources */ = {
			isa = PBXResourcesBuildPhase;
			buildActionMask = 2147483647;
			files = (
				E2E2F8CB18C01AB500E59CC7 /* Images.xcassets in Resources */,
				E2E2F8BD18C01AB500E59CC7 /* InfoPlist.strings in Resources */,
				E2E2F8C618C01AB500E59CC7 /* Main.storyboard in Resources */,
			);
			runOnlyForDeploymentPostprocessing = 0;
		};
		E2E2F8CE18C01AB500E59CC7 /* Resources */ = {
			isa = PBXResourcesBuildPhase;
			buildActionMask = 2147483647;
			files = (
				E2E2F8DC18C01AB500E59CC7 /* InfoPlist.strings in Resources */,
			);
			runOnlyForDeploymentPostprocessing = 0;
		};
/* End PBXResourcesBuildPhase section */

/* Begin PBXSourcesBuildPhase section */
		E2E2F8AB18C01AB500E59CC7 /* Sources */ = {
			isa = PBXSourcesBuildPhase;
			buildActionMask = 2147483647;
			files = (
				E2E2F8C918C01AB500E59CC7 /* ViewController.m in Sources */,
				E2E2F8C318C01AB500E59CC7 /* AppDelegate.m in Sources */,
				E2E2F8BF18C01AB500E59CC7 /* main.m in Sources */,
			);
			runOnlyForDeploymentPostprocessing = 0;
		};
		E2E2F8CC18C01AB500E59CC7 /* Sources */ = {
			isa = PBXSourcesBuildPhase;
			buildActionMask = 2147483647;
			files = (
				E2E2F8DE18C01AB500E59CC7 /* ASIServiceTests.m in Sources */,
			);
			runOnlyForDeploymentPostprocessing = 0;
		};
/* End PBXSourcesBuildPhase section */

/* Begin PBXTargetDependency section */
		E2E2F8D618C01AB500E59CC7 /* PBXTargetDependency */ = {
			isa = PBXTargetDependency;
			target = E2E2F8AE18C01AB500E59CC7 /* ASIService */;
			targetProxy = E2E2F8D518C01AB500E59CC7 /* PBXContainerItemProxy */;
		};
/* End PBXTargetDependency section */

/* Begin PBXVariantGroup section */
		E2E2F8BB18C01AB500E59CC7 /* InfoPlist.strings */ = {
			isa = PBXVariantGroup;
			children = (
				E2E2F8BC18C01AB500E59CC7 /* en */,
			);
			name = InfoPlist.strings;
			sourceTree = "<group>";
		};
		E2E2F8C418C01AB500E59CC7 /* Main.storyboard */ = {
			isa = PBXVariantGroup;
			children = (
				E2E2F8C518C01AB500E59CC7 /* Base */,
			);
			name = Main.storyboard;
			sourceTree = "<group>";
		};
		E2E2F8DA18C01AB500E59CC7 /* InfoPlist.strings */ = {
			isa = PBXVariantGroup;
			children = (
				E2E2F8DB18C01AB500E59CC7 /* en */,
			);
			name = InfoPlist.strings;
			sourceTree = "<group>";
		};
/* End PBXVariantGroup section */

/* Begin XCBuildConfiguration section */
		E2E2F8DF18C01AB500E59CC7 /* Debug */ = {
			isa = XCBuildConfiguration;
			buildSettings = {
				ALWAYS_SEARCH_USER_PATHS = NO;
				ARCHS = "$(ARCHS_STANDARD_INCLUDING_64_BIT)";
				CLANG_CXX_LANGUAGE_STANDARD = "gnu++0x";
				CLANG_CXX_LIBRARY = "libc++";
				CLANG_ENABLE_MODULES = YES;
				CLANG_ENABLE_OBJC_ARC = YES;
				CLANG_WARN_BOOL_CONVERSION = YES;
				CLANG_WARN_CONSTANT_CONVERSION = YES;
				CLANG_WARN_DIRECT_OBJC_ISA_USAGE = YES_ERROR;
				CLANG_WARN_EMPTY_BODY = YES;
				CLANG_WARN_ENUM_CONVERSION = YES;
				CLANG_WARN_INT_CONVERSION = YES;
				CLANG_WARN_OBJC_ROOT_CLASS = YES_ERROR;
				CLANG_WARN__DUPLICATE_METHOD_MATCH = YES;
				"CODE_SIGN_IDENTITY[sdk=iphoneos*]" = "iPhone Developer";
				COPY_PHASE_STRIP = NO;
				GCC_C_LANGUAGE_STANDARD = gnu99;
				GCC_DYNAMIC_NO_PIC = NO;
				GCC_OPTIMIZATION_LEVEL = 0;
				GCC_PREPROCESSOR_DEFINITIONS = (
					"DEBUG=1",
					"$(inherited)",
				);
				GCC_SYMBOLS_PRIVATE_EXTERN = NO;
				GCC_WARN_64_TO_32_BIT_CONVERSION = YES;
				GCC_WARN_ABOUT_RETURN_TYPE = YES_ERROR;
				GCC_WARN_UNDECLARED_SELECTOR = YES;
				GCC_WARN_UNINITIALIZED_AUTOS = YES;
				GCC_WARN_UNUSED_FUNCTION = YES;
				GCC_WARN_UNUSED_VARIABLE = YES;
				IPHONEOS_DEPLOYMENT_TARGET = 7.0;
				ONLY_ACTIVE_ARCH = YES;
				SDKROOT = iphoneos;
			};
			name = Debug;
		};
		E2E2F8E018C01AB500E59CC7 /* Release */ = {
			isa = XCBuildConfiguration;
			buildSettings = {
				ALWAYS_SEARCH_USER_PATHS = NO;
				ARCHS = "$(ARCHS_STANDARD_INCLUDING_64_BIT)";
				CLANG_CXX_LANGUAGE_STANDARD = "gnu++0x";
				CLANG_CXX_LIBRARY = "libc++";
				CLANG_ENABLE_MODULES = YES;
				CLANG_ENABLE_OBJC_ARC = YES;
				CLANG_WARN_BOOL_CONVERSION = YES;
				CLANG_WARN_CONSTANT_CONVERSION = YES;
				CLANG_WARN_DIRECT_OBJC_ISA_USAGE = YES_ERROR;
				CLANG_WARN_EMPTY_BODY = YES;
				CLANG_WARN_ENUM_CONVERSION = YES;
				CLANG_WARN_INT_CONVERSION = YES;
				CLANG_WARN_OBJC_ROOT_CLASS = YES_ERROR;
				CLANG_WARN__DUPLICATE_METHOD_MATCH = YES;
				"CODE_SIGN_IDENTITY[sdk=iphoneos*]" = "iPhone Developer";
				COPY_PHASE_STRIP = YES;
				ENABLE_NS_ASSERTIONS = NO;
				GCC_C_LANGUAGE_STANDARD = gnu99;
				GCC_WARN_64_TO_32_BIT_CONVERSION = YES;
				GCC_WARN_ABOUT_RETURN_TYPE = YES_ERROR;
				GCC_WARN_UNDECLARED_SELECTOR = YES;
				GCC_WARN_UNINITIALIZED_AUTOS = YES;
				GCC_WARN_UNUSED_FUNCTION = YES;
				GCC_WARN_UNUSED_VARIABLE = YES;
				IPHONEOS_DEPLOYMENT_TARGET = 7.0;
				SDKROOT = iphoneos;
				VALIDATE_PRODUCT = YES;
			};
			name = Release;
		};
		E2E2F8E218C01AB500E59CC7 /* Debug */ = {
			isa = XCBuildConfiguration;
			buildSettings = {
				ASSETCATALOG_COMPILER_APPICON_NAME = AppIcon;
				ASSETCATALOG_COMPILER_LAUNCHIMAGE_NAME = LaunchImage;
				GCC_PRECOMPILE_PREFIX_HEADER = YES;
				GCC_PREFIX_HEADER = "ASIService/ASIService-Prefix.pch";
				INFOPLIST_FILE = "ASIService/ASIService-Info.plist";
				PRODUCT_NAME = "$(TARGET_NAME)";
				WRAPPER_EXTENSION = app;
			};
			name = Debug;
		};
		E2E2F8E318C01AB500E59CC7 /* Release */ = {
			isa = XCBuildConfiguration;
			buildSettings = {
				ASSETCATALOG_COMPILER_APPICON_NAME = AppIcon;
				ASSETCATALOG_COMPILER_LAUNCHIMAGE_NAME = LaunchImage;
				GCC_PRECOMPILE_PREFIX_HEADER = YES;
				GCC_PREFIX_HEADER = "ASIService/ASIService-Prefix.pch";
				INFOPLIST_FILE = "ASIService/ASIService-Info.plist";
				PRODUCT_NAME = "$(TARGET_NAME)";
				WRAPPER_EXTENSION = app;
			};
			name = Release;
		};
		E2E2F8E518C01AB500E59CC7 /* Debug */ = {
			isa = XCBuildConfiguration;
			buildSettings = {
				ARCHS = "$(ARCHS_STANDARD_INCLUDING_64_BIT)";
				BUNDLE_LOADER = "$(BUILT_PRODUCTS_DIR)/ASIService.app/ASIService";
				FRAMEWORK_SEARCH_PATHS = (
					"$(SDKROOT)/Developer/Library/Frameworks",
					"$(inherited)",
					"$(DEVELOPER_FRAMEWORKS_DIR)",
				);
				GCC_PRECOMPILE_PREFIX_HEADER = YES;
				GCC_PREFIX_HEADER = "ASIService/ASIService-Prefix.pch";
				GCC_PREPROCESSOR_DEFINITIONS = (
					"DEBUG=1",
					"$(inherited)",
				);
				INFOPLIST_FILE = "ASIServiceTests/ASIServiceTests-Info.plist";
				PRODUCT_NAME = "$(TARGET_NAME)";
				TEST_HOST = "$(BUNDLE_LOADER)";
				WRAPPER_EXTENSION = xctest;
			};
			name = Debug;
		};
		E2E2F8E618C01AB500E59CC7 /* Release */ = {
			isa = XCBuildConfiguration;
			buildSettings = {
				ARCHS = "$(ARCHS_STANDARD_INCLUDING_64_BIT)";
				BUNDLE_LOADER = "$(BUILT_PRODUCTS_DIR)/ASIService.app/ASIService";
				FRAMEWORK_SEARCH_PATHS = (
					"$(SDKROOT)/Developer/Library/Frameworks",
					"$(inherited)",
					"$(DEVELOPER_FRAMEWORKS_DIR)",
				);
				GCC_PRECOMPILE_PREFIX_HEADER = YES;
				GCC_PREFIX_HEADER = "ASIService/ASIService-Prefix.pch";
				INFOPLIST_FILE = "ASIServiceTests/ASIServiceTests-Info.plist";
				PRODUCT_NAME = "$(TARGET_NAME)";
				TEST_HOST = "$(BUNDLE_LOADER)";
				WRAPPER_EXTENSION = xctest;
			};
			name = Release;
		};
/* End XCBuildConfiguration section */

/* Begin XCConfigurationList section */
		E2E2F8AA18C01AB500E59CC7 /* Build configuration list for PBXProject "ASIService" */ = {
			isa = XCConfigurationList;
			buildConfigurations = (
				E2E2F8DF18C01AB500E59CC7 /* Debug */,
				E2E2F8E018C01AB500E59CC7 /* Release */,
			);
			defaultConfigurationIsVisible = 0;
			defaultConfigurationName = Release;
		};
		E2E2F8E118C01AB500E59CC7 /* Build configuration list for PBXNativeTarget "ASIService" */ = {
			isa = XCConfigurationList;
			buildConfigurations = (
				E2E2F8E218C01AB500E59CC7 /* Debug */,
				E2E2F8E318C01AB500E59CC7 /* Release */,
			);
			defaultConfigurationIsVisible = 0;
		};
		E2E2F8E418C01AB500E59CC7 /* Build configuration list for PBXNativeTarget "ASIServiceTests" */ = {
			isa = XCConfigurationList;
			buildConfigurations = (
				E2E2F8E518C01AB500E59CC7 /* Debug */,
				E2E2F8E618C01AB500E59CC7 /* Release */,
			);
			defaultConfigurationIsVisible = 0;
		};
/* End XCConfigurationList section */
	};
	rootObject = E2E2F8A718C01AB500E59CC7 /* Project object */;
}
